
Microsoft Visual Studio Solution File, Format Version 12.00
# Visual Studio 2012
Project("{FAE04EC0-301F-11D3-BF4B-00C04F79EFBC}") = "HomeSecurity.Device.ExternalDoor", "HomeSecurity.Device.ExternalDoor\HomeSecurity.Device.ExternalDoor.csproj", "{EA7F8E58-F68F-4D09-995C-C94C8C3EB48D}"
EndProject
Global
	GlobalSection(SolutionConfigurationPlatforms) = preSolution
		Debug|Any CPU = Debug|Any CPU
		Release|Any CPU = Release|Any CPU
	EndGlobalSection
	GlobalSection(ProjectConfigurationPlatforms) = postSolution
		{EA7F8E58-F68F-4D09-995C-C94C8C3EB48D}.Debug|Any CPU.ActiveCfg = Debug|Any CPU
		{EA7F8E58-F68F-4D09-995C-C94C8C3EB48D}.Debug|Any CPU.Build.0 = Debug|Any CPU
		{EA7F8E58-F68F-4D09-995C-C94C8C3EB48D}.Debug|Any CPU.Deploy.0 = Debug|Any CPU
		{EA7F8E58-F68F-4D09-995C-C94C8C3EB48D}.Release|Any CPU.ActiveCfg = Release|Any CPU
		{EA7F8E58-F68F-4D09-995C-C94C8C3EB48D}.Release|Any CPU.Build.0 = Release|Any CPU
		{EA7F8E58-F68F-4D09-995C-C94C8C3EB48D}.Release|Any CPU.Deploy.0 = Release|Any CPU
	EndGlobalSection
	GlobalSection(SolutionProperties) = preSolution
		HideSolutionNode = FALSE
	EndGlobalSection
EndGlobal
